// !$*UTF8*$!
{
	archiveVersion = 1;
	classes = {
	};
	objectVersion = 50;
	objects = {

/* Begin PBXBuildFile section */
		37396F92256EEC4E007F3C60 /* AppDelegate.swift in Sources */ = {isa = PBXBuildFile; fileRef = 37396F91256EEC4E007F3C60 /* AppDelegate.swift */; };
		37396F94256EEC4E007F3C60 /* ViewController.swift in Sources */ = {isa = PBXBuildFile; fileRef = 37396F93256EEC4E007F3C60 /* ViewController.swift */; };
		37396F96256EEC4F007F3C60 /* Assets.xcassets in Resources */ = {isa = PBXBuildFile; fileRef = 37396F95256EEC4F007F3C60 /* Assets.xcassets */; };
		37396F99256EEC4F007F3C60 /* Main.storyboard in Resources */ = {isa = PBXBuildFile; fileRef = 37396F97256EEC4F007F3C60 /* Main.storyboard */; };
		37396FA2256EF1D7007F3C60 /* FileHandler.swift in Sources */ = {isa = PBXBuildFile; fileRef = 37396FA1256EF1D7007F3C60 /* FileHandler.swift */; };
		37396FA4256F00A0007F3C60 /* ConsoleOutputHandler.swift in Sources */ = {isa = PBXBuildFile; fileRef = 37396FA3256F00A0007F3C60 /* ConsoleOutputHandler.swift */; };
		37396FA6257280EA007F3C60 /* LineNumberRulerView.swift in Sources */ = {isa = PBXBuildFile; fileRef = 37396FA5257280EA007F3C60 /* LineNumberRulerView.swift */; };
		37396FA825729E07007F3C60 /* InputProcessor.swift in Sources */ = {isa = PBXBuildFile; fileRef = 37396FA725729E07007F3C60 /* InputProcessor.swift */; };
		37396FAA25729F2A007F3C60 /* ScriptRunner.swift in Sources */ = {isa = PBXBuildFile; fileRef = 37396FA925729F2A007F3C60 /* ScriptRunner.swift */; };
		37396FB42572EDF6007F3C60 /* ConsoleView.swift in Sources */ = {isa = PBXBuildFile; fileRef = 37396FB32572EDF6007F3C60 /* ConsoleView.swift */; };
		37396FB62572F04F007F3C60 /* Extensions in Resources */ = {isa = PBXBuildFile; fileRef = 37396FB52572F04F007F3C60 /* Extensions */; };
		3745769C257313E000D02B35 /* SwiftScript.command in Resources */ = {isa = PBXBuildFile; fileRef = 3745769B257313E000D02B35 /* SwiftScript.command */; };
		37654A82257434210038BEDF /* TextView+Additions.swift in Sources */ = {isa = PBXBuildFile; fileRef = 37654A81257434210038BEDF /* TextView+Additions.swift */; };
		37654A8425743AE20038BEDF /* ErrorLog.swift in Sources */ = {isa = PBXBuildFile; fileRef = 37654A8325743AE20038BEDF /* ErrorLog.swift */; };
		37654A8625743B510038BEDF /* ConsoleLogType.swift in Sources */ = {isa = PBXBuildFile; fileRef = 37654A8525743B510038BEDF /* ConsoleLogType.swift */; };
/* End PBXBuildFile section */

/* Begin PBXFileReference section */
		37396F8E256EEC4E007F3C60 /* MacScript.app */ = {isa = PBXFileReference; explicitFileType = wrapper.application; includeInIndex = 0; path = MacScript.app; sourceTree = BUILT_PRODUCTS_DIR; };
		37396F91256EEC4E007F3C60 /* AppDelegate.swift */ = {isa = PBXFileReference; lastKnownFileType = sourcecode.swift; path = AppDelegate.swift; sourceTree = "<group>"; };
		37396F93256EEC4E007F3C60 /* ViewController.swift */ = {isa = PBXFileReference; lastKnownFileType = sourcecode.swift; path = ViewController.swift; sourceTree = "<group>"; };
		37396F95256EEC4F007F3C60 /* Assets.xcassets */ = {isa = PBXFileReference; lastKnownFileType = folder.assetcatalog; path = Assets.xcassets; sourceTree = "<group>"; };
		37396F98256EEC4F007F3C60 /* Base */ = {isa = PBXFileReference; lastKnownFileType = file.storyboard; name = Base; path = Base.lproj/Main.storyboard; sourceTree = "<group>"; };
		37396F9A256EEC4F007F3C60 /* Info.plist */ = {isa = PBXFileReference; lastKnownFileType = text.plist.xml; path = Info.plist; sourceTree = "<group>"; };
		37396F9B256EEC4F007F3C60 /* MacScript.entitlements */ = {isa = PBXFileReference; lastKnownFileType = text.plist.entitlements; path = MacScript.entitlements; sourceTree = "<group>"; };
		37396FA1256EF1D7007F3C60 /* FileHandler.swift */ = {isa = PBXFileReference; lastKnownFileType = sourcecode.swift; path = FileHandler.swift; sourceTree = "<group>"; };
		37396FA3256F00A0007F3C60 /* ConsoleOutputHandler.swift */ = {isa = PBXFileReference; lastKnownFileType = sourcecode.swift; name = ConsoleOutputHandler.swift; path = Console/ConsoleOutputHandler.swift; sourceTree = "<group>"; };
		37396FA5257280EA007F3C60 /* LineNumberRulerView.swift */ = {isa = PBXFileReference; lastKnownFileType = sourcecode.swift; path = LineNumberRulerView.swift; sourceTree = "<group>"; };
		37396FA725729E07007F3C60 /* InputProcessor.swift */ = {isa = PBXFileReference; lastKnownFileType = sourcecode.swift; path = InputProcessor.swift; sourceTree = "<group>"; };
		37396FA925729F2A007F3C60 /* ScriptRunner.swift */ = {isa = PBXFileReference; lastKnownFileType = sourcecode.swift; path = ScriptRunner.swift; sourceTree = "<group>"; };
		37396FB32572EDF6007F3C60 /* ConsoleView.swift */ = {isa = PBXFileReference; lastKnownFileType = sourcecode.swift; path = ConsoleView.swift; sourceTree = "<group>"; };
		37396FB52572F04F007F3C60 /* Extensions */ = {isa = PBXFileReference; lastKnownFileType = folder; path = Extensions; sourceTree = "<group>"; };
		3745769B257313E000D02B35 /* SwiftScript.command */ = {isa = PBXFileReference; lastKnownFileType = text.script.sh; path = SwiftScript.command; sourceTree = "<group>"; };
		37654A7C2573F97A0038BEDF /* MacScriptDebug.entitlements */ = {isa = PBXFileReference; lastKnownFileType = text.plist.entitlements; path = MacScriptDebug.entitlements; sourceTree = "<group>"; };
		37654A81257434210038BEDF /* TextView+Additions.swift */ = {isa = PBXFileReference; lastKnownFileType = sourcecode.swift; path = "TextView+Additions.swift"; sourceTree = "<group>"; };
		37654A8325743AE20038BEDF /* ErrorLog.swift */ = {isa = PBXFileReference; lastKnownFileType = sourcecode.swift; path = ErrorLog.swift; sourceTree = "<group>"; };
		37654A8525743B510038BEDF /* ConsoleLogType.swift */ = {isa = PBXFileReference; lastKnownFileType = sourcecode.swift; path = ConsoleLogType.swift; sourceTree = "<group>"; };
/* End PBXFileReference section */

/* Begin PBXFrameworksBuildPhase section */
		37396F8B256EEC4E007F3C60 /* Frameworks */ = {
			isa = PBXFrameworksBuildPhase;
			buildActionMask = 2147483647;
			files = (
			);
			runOnlyForDeploymentPostprocessing = 0;
		};
/* End PBXFrameworksBuildPhase section */

/* Begin PBXGroup section */
		37396F85256EEC4D007F3C60 = {
			isa = PBXGroup;
			children = (
				37396F90256EEC4E007F3C60 /* MacScript */,
				37396F8F256EEC4E007F3C60 /* Products */,
			);
			sourceTree = "<group>";
		};
		37396F8F256EEC4E007F3C60 /* Products */ = {
			isa = PBXGroup;
			children = (
				37396F8E256EEC4E007F3C60 /* MacScript.app */,
			);
			name = Products;
			sourceTree = "<group>";
		};
		37396F90256EEC4E007F3C60 /* MacScript */ = {
			isa = PBXGroup;
			children = (
				37396FA3256F00A0007F3C60 /* ConsoleOutputHandler.swift */,
				37396FA1256EF1D7007F3C60 /* FileHandler.swift */,
				37654A81257434210038BEDF /* TextView+Additions.swift */,
				37654A7C2573F97A0038BEDF /* MacScriptDebug.entitlements */,
				37396FB925730357007F3C60 /* CustomView */,
				37396FB52572F04F007F3C60 /* Extensions */,
				37396F91256EEC4E007F3C60 /* AppDelegate.swift */,
				37396F93256EEC4E007F3C60 /* ViewController.swift */,
				37396F95256EEC4F007F3C60 /* Assets.xcassets */,
				37396F97256EEC4F007F3C60 /* Main.storyboard */,
				37396F9A256EEC4F007F3C60 /* Info.plist */,
				37396F9B256EEC4F007F3C60 /* MacScript.entitlements */,
				37396FA725729E07007F3C60 /* InputProcessor.swift */,
				37396FA925729F2A007F3C60 /* ScriptRunner.swift */,
				3745769B257313E000D02B35 /* SwiftScript.command */,
				37654A8325743AE20038BEDF /* ErrorLog.swift */,
				37654A8525743B510038BEDF /* ConsoleLogType.swift */,
			);
			path = MacScript;
			sourceTree = "<group>";
		};
		37396FB925730357007F3C60 /* CustomView */ = {
			isa = PBXGroup;
			children = (
				37396FB32572EDF6007F3C60 /* ConsoleView.swift */,
				37396FA5257280EA007F3C60 /* LineNumberRulerView.swift */,
			);
			path = CustomView;
			sourceTree = "<group>";
		};
/* End PBXGroup section */

/* Begin PBXNativeTarget section */
		37396F8D256EEC4E007F3C60 /* MacScript */ = {
			isa = PBXNativeTarget;
			buildConfigurationList = 37396F9E256EEC4F007F3C60 /* Build configuration list for PBXNativeTarget "MacScript" */;
			buildPhases = (
				37396F8A256EEC4E007F3C60 /* Sources */,
				37396F8B256EEC4E007F3C60 /* Frameworks */,
				37396F8C256EEC4E007F3C60 /* Resources */,
			);
			buildRules = (
			);
			dependencies = (
			);
			name = MacScript;
			productName = MacScript;
			productReference = 37396F8E256EEC4E007F3C60 /* MacScript.app */;
			productType = "com.apple.product-type.application";
		};
/* End PBXNativeTarget section */

/* Begin PBXProject section */
		37396F86256EEC4D007F3C60 /* Project object */ = {
			isa = PBXProject;
			attributes = {
				LastSwiftUpdateCheck = 1130;
				LastUpgradeCheck = 1130;
				ORGANIZATIONNAME = VR;
				TargetAttributes = {
					37396F8D256EEC4E007F3C60 = {
						CreatedOnToolsVersion = 11.3.1;
					};
				};
			};
			buildConfigurationList = 37396F89256EEC4D007F3C60 /* Build configuration list for PBXProject "MacScript" */;
			compatibilityVersion = "Xcode 9.3";
			developmentRegion = en;
			hasScannedForEncodings = 0;
			knownRegions = (
				en,
				Base,
			);
			mainGroup = 37396F85256EEC4D007F3C60;
			productRefGroup = 37396F8F256EEC4E007F3C60 /* Products */;
			projectDirPath = "";
			projectRoot = "";
			targets = (
				37396F8D256EEC4E007F3C60 /* MacScript */,
			);
		};
/* End PBXProject section */

/* Begin PBXResourcesBuildPhase section */
		37396F8C256EEC4E007F3C60 /* Resources */ = {
			isa = PBXResourcesBuildPhase;
			buildActionMask = 2147483647;
			files = (
				37396F96256EEC4F007F3C60 /* Assets.xcassets in Resources */,
				37396F99256EEC4F007F3C60 /* Main.storyboard in Resources */,
				3745769C257313E000D02B35 /* SwiftScript.command in Resources */,
				37396FB62572F04F007F3C60 /* Extensions in Resources */,
			);
			runOnlyForDeploymentPostprocessing = 0;
		};
/* End PBXResourcesBuildPhase section */

/* Begin PBXSourcesBuildPhase section */
		37396F8A256EEC4E007F3C60 /* Sources */ = {
			isa = PBXSourcesBuildPhase;
			buildActionMask = 2147483647;
			files = (
				37396FA2256EF1D7007F3C60 /* FileHandler.swift in Sources */,
				37396FA825729E07007F3C60 /* InputProcessor.swift in Sources */,
				37396FB42572EDF6007F3C60 /* ConsoleView.swift in Sources */,
				37396F94256EEC4E007F3C60 /* ViewController.swift in Sources */,
				37396F92256EEC4E007F3C60 /* AppDelegate.swift in Sources */,
				37654A82257434210038BEDF /* TextView+Additions.swift in Sources */,
				37396FA4256F00A0007F3C60 /* ConsoleOutputHandler.swift in Sources */,
				37396FA6257280EA007F3C60 /* LineNumberRulerView.swift in Sources */,
				37654A8625743B510038BEDF /* ConsoleLogType.swift in Sources */,
				37396FAA25729F2A007F3C60 /* ScriptRunner.swift in Sources */,
				37654A8425743AE20038BEDF /* ErrorLog.swift in Sources */,
			);
			runOnlyForDeploymentPostprocessing = 0;
		};
/* End PBXSourcesBuildPhase section */

/* Begin PBXVariantGroup section */
		37396F97256EEC4F007F3C60 /* Main.storyboard */ = {
			isa = PBXVariantGroup;
			children = (
				37396F98256EEC4F007F3C60 /* Base */,
			);
			name = Main.storyboard;
			sourceTree = "<group>";
		};
/* End PBXVariantGroup section */

/* Begin XCBuildConfiguration section */
		37396F9C256EEC4F007F3C60 /* Debug */ = {
			isa = XCBuildConfiguration;
			buildSettings = {
				ALWAYS_SEARCH_USER_PATHS = NO;
				CLANG_ANALYZER_NONNULL = YES;
				CLANG_ANALYZER_NUMBER_OBJECT_CONVERSION = YES_AGGRESSIVE;
				CLANG_CXX_LANGUAGE_STANDARD = "gnu++14";
				CLANG_CXX_LIBRARY = "libc++";
				CLANG_ENABLE_MODULES = YES;
				CLANG_ENABLE_OBJC_ARC = YES;
				CLANG_ENABLE_OBJC_WEAK = YES;
				CLANG_WARN_BLOCK_CAPTURE_AUTORELEASING = YES;
				CLANG_WARN_BOOL_CONVERSION = YES;
				CLANG_WARN_COMMA = YES;
				CLANG_WARN_CONSTANT_CONVERSION = YES;
				CLANG_WARN_DEPRECATED_OBJC_IMPLEMENTATIONS = YES;
				CLANG_WARN_DIRECT_OBJC_ISA_USAGE = YES_ERROR;
				CLANG_WARN_DOCUMENTATION_COMMENTS = YES;
				CLANG_WARN_EMPTY_BODY = YES;
				CLANG_WARN_ENUM_CONVERSION = YES;
				CLANG_WARN_INFINITE_RECURSION = YES;
				CLANG_WARN_INT_CONVERSION = YES;
				CLANG_WARN_NON_LITERAL_NULL_CONVERSION = YES;
				CLANG_WARN_OBJC_IMPLICIT_RETAIN_SELF = YES;
				CLANG_WARN_OBJC_LITERAL_CONVERSION = YES;
				CLANG_WARN_OBJC_ROOT_CLASS = YES_ERROR;
				CLANG_WARN_RANGE_LOOP_ANALYSIS = YES;
				CLANG_WARN_STRICT_PROTOTYPES = YES;
				CLANG_WARN_SUSPICIOUS_MOVE = YES;
				CLANG_WARN_UNGUARDED_AVAILABILITY = YES_AGGRESSIVE;
				CLANG_WARN_UNREACHABLE_CODE = YES;
				CLANG_WARN__DUPLICATE_METHOD_MATCH = YES;
				COPY_PHASE_STRIP = NO;
				DEBUG_INFORMATION_FORMAT = dwarf;
				ENABLE_STRICT_OBJC_MSGSEND = YES;
				ENABLE_TESTABILITY = YES;
				GCC_C_LANGUAGE_STANDARD = gnu11;
				GCC_DYNAMIC_NO_PIC = NO;
				GCC_NO_COMMON_BLOCKS = YES;
				GCC_OPTIMIZATION_LEVEL = 0;
				GCC_PREPROCESSOR_DEFINITIONS = (
					"DEBUG=1",
					"$(inherited)",
				);
				GCC_WARN_64_TO_32_BIT_CONVERSION = YES;
				GCC_WARN_ABOUT_RETURN_TYPE = YES_ERROR;
				GCC_WARN_UNDECLARED_SELECTOR = YES;
				GCC_WARN_UNINITIALIZED_AUTOS = YES_AGGRESSIVE;
				GCC_WARN_UNUSED_FUNCTION = YES;
				GCC_WARN_UNUSED_VARIABLE = YES;
				MACOSX_DEPLOYMENT_TARGET = 10.15;
				MTL_ENABLE_DEBUG_INFO = INCLUDE_SOURCE;
				MTL_FAST_MATH = YES;
				ONLY_ACTIVE_ARCH = YES;
				SDKROOT = macosx;
				SWIFT_ACTIVE_COMPILATION_CONDITIONS = DEBUG;
				SWIFT_OPTIMIZATION_LEVEL = "-Onone";
			};
			name = Debug;
		};
		37396F9D256EEC4F007F3C60 /* Release */ = {
			isa = XCBuildConfiguration;
			buildSettings = {
				ALWAYS_SEARCH_USER_PATHS = NO;
				CLANG_ANALYZER_NONNULL = YES;
				CLANG_ANALYZER_NUMBER_OBJECT_CONVERSION = YES_AGGRESSIVE;
				CLANG_CXX_LANGUAGE_STANDARD = "gnu++14";
				CLANG_CXX_LIBRARY = "libc++";
				CLANG_ENABLE_MODULES = YES;
				CLANG_ENABLE_OBJC_ARC = YES;
				CLANG_ENABLE_OBJC_WEAK = YES;
				CLANG_WARN_BLOCK_CAPTURE_AUTORELEASING = YES;
				CLANG_WARN_BOOL_CONVERSION = YES;
				CLANG_WARN_COMMA = YES;
				CLANG_WARN_CONSTANT_CONVERSION = YES;
				CLANG_WARN_DEPRECATED_OBJC_IMPLEMENTATIONS = YES;
				CLANG_WARN_DIRECT_OBJC_ISA_USAGE = YES_ERROR;
				CLANG_WARN_DOCUMENTATION_COMMENTS = YES;
				CLANG_WARN_EMPTY_BODY = YES;
				CLANG_WARN_ENUM_CONVERSION = YES;
				CLANG_WARN_INFINITE_RECURSION = YES;
				CLANG_WARN_INT_CONVERSION = YES;
				CLANG_WARN_NON_LITERAL_NULL_CONVERSION = YES;
				CLANG_WARN_OBJC_IMPLICIT_RETAIN_SELF = YES;
				CLANG_WARN_OBJC_LITERAL_CONVERSION = YES;
				CLANG_WARN_OBJC_ROOT_CLASS = YES_ERROR;
				CLANG_WARN_RANGE_LOOP_ANALYSIS = YES;
				CLANG_WARN_STRICT_PROTOTYPES = YES;
				CLANG_WARN_SUSPICIOUS_MOVE = YES;
				CLANG_WARN_UNGUARDED_AVAILABILITY = YES_AGGRESSIVE;
				CLANG_WARN_UNREACHABLE_CODE = YES;
				CLANG_WARN__DUPLICATE_METHOD_MATCH = YES;
				COPY_PHASE_STRIP = NO;
				DEBUG_INFORMATION_FORMAT = "dwarf-with-dsym";
				ENABLE_NS_ASSERTIONS = NO;
				ENABLE_STRICT_OBJC_MSGSEND = YES;
				GCC_C_LANGUAGE_STANDARD = gnu11;
				GCC_NO_COMMON_BLOCKS = YES;
				GCC_WARN_64_TO_32_BIT_CONVERSION = YES;
				GCC_WARN_ABOUT_RETURN_TYPE = YES_ERROR;
				GCC_WARN_UNDECLARED_SELECTOR = YES;
				GCC_WARN_UNINITIALIZED_AUTOS = YES_AGGRESSIVE;
				GCC_WARN_UNUSED_FUNCTION = YES;
				GCC_WARN_UNUSED_VARIABLE = YES;
				MACOSX_DEPLOYMENT_TARGET = 10.15;
				MTL_ENABLE_DEBUG_INFO = NO;
				MTL_FAST_MATH = YES;
				SDKROOT = macosx;
				SWIFT_COMPILATION_MODE = wholemodule;
				SWIFT_OPTIMIZATION_LEVEL = "-O";
			};
			name = Release;
		};
		37396F9F256EEC4F007F3C60 /* Debug */ = {
			isa = XCBuildConfiguration;
			buildSettings = {
				ASSETCATALOG_COMPILER_APPICON_NAME = AppIcon;
				CODE_SIGN_ENTITLEMENTS = MacScript/MacScriptDebug.entitlements;
				CODE_SIGN_STYLE = Automatic;
				COMBINE_HIDPI_IMAGES = YES;
				INFOPLIST_FILE = MacScript/Info.plist;
				LD_RUNPATH_SEARCH_PATHS = (
					"$(inherited)",
					"@executable_path/../Frameworks",
				);
				PRODUCT_BUNDLE_IDENTIFIER = com.vrat28.MacScript;
				PRODUCT_NAME = "$(TARGET_NAME)";
				SWIFT_VERSION = 5.0;
			};
			name = Debug;
		};
		37396FA0256EEC4F007F3C60 /* Release */ = {
			isa = XCBuildConfiguration;
			buildSettings = {
				ASSETCATALOG_COMPILER_APPICON_NAME = AppIcon;
				CODE_SIGN_ENTITLEMENTS = MacScript/MacScript.entitlements;
				CODE_SIGN_STYLE = Automatic;
				COMBINE_HIDPI_IMAGES = YES;
				INFOPLIST_FILE = MacScript/Info.plist;
				LD_RUNPATH_SEARCH_PATHS = (
					"$(inherited)",
					"@executable_path/../Frameworks",
				);
				PRODUCT_BUNDLE_IDENTIFIER = com.vrat28.MacScript;
				PRODUCT_NAME = "$(TARGET_NAME)";
				SWIFT_VERSION = 5.0;
			};
			name = Release;
		};
/* End XCBuildConfiguration section */

/* Begin XCConfigurationList section */
		37396F89256EEC4D007F3C60 /* Build configuration list for PBXProject "MacScript" */ = {
			isa = XCConfigurationList;
			buildConfigurations = (
				37396F9C256EEC4F007F3C60 /* Debug */,
				37396F9D256EEC4F007F3C60 /* Release */,
			);
			defaultConfigurationIsVisible = 0;
			defaultConfigurationName = Release;
		};
		37396F9E256EEC4F007F3C60 /* Build configuration list for PBXNativeTarget "MacScript" */ = {
			isa = XCConfigurationList;
			buildConfigurations = (
				37396F9F256EEC4F007F3C60 /* Debug */,
				37396FA0256EEC4F007F3C60 /* Release */,
			);
			defaultConfigurationIsVisible = 0;
			defaultConfigurationName = Release;
		};
/* End XCConfigurationList section */
	};
	rootObject = 37396F86256EEC4D007F3C60 /* Project object */;
}
